<?xml version="1.0" encoding="UTF-8"?>
<CONFIG>
  <ProjectOptions>
    <Version Value="9"/>
    <PathDelim Value="\"/>
    <General>
      <SessionStorage Value="InProjectDir"/>
      <MainUnit Value="0"/>
      <AutoCreateForms Value="False"/>
      <Title Value="TurboBird_New"/>
      <ResourceType Value="res"/>
      <UseXPManifest Value="True"/>
      <XPManifest>
        <DpiAware Value="True"/>
      </XPManifest>
      <Icon Value="0"/>
    </General>
    <i18n>
      <EnableI18N LFM="False"/>
    </i18n>
    <VersionInfo>
      <StringTable ProductVersion=""/>
    </VersionInfo>
    <BuildModes Count="1">
      <Item1 Name="Default" Default="True"/>
    </BuildModes>
    <PublishOptions>
      <Version Value="2"/>
    </PublishOptions>
    <RunParams>
      <local>
        <FormatVersion Value="1"/>
        <CommandLineParams Value="-p"/>
      </local>
    </RunParams>
    <RequiredPackages Count="7">
      <Item1>
        <PackageName Value="virtualtreesextra"/>
      </Item1>
      <Item2>
        <PackageName Value="FCL"/>
      </Item2>
      <Item3>
        <PackageName Value="SynEdit"/>
      </Item3>
      <Item4>
        <PackageName Value="EvsCommons"/>
      </Item4>
      <Item5>
        <PackageName Value="mdolaz"/>
      </Item5>
      <Item6>
        <PackageName Value="virtualtreeview_package"/>
      </Item6>
      <Item7>
        <PackageName Value="LCL"/>
      </Item7>
    </RequiredPackages>
    <Units Count="28">
      <Unit0>
        <Filename Value="TurboBird_New.lpr"/>
        <IsPartOfProject Value="True"/>
      </Unit0>
      <Unit1>
        <Filename Value="Forms\uevsmain.pas"/>
        <IsPartOfProject Value="True"/>
        <ComponentName Value="MainForm"/>
        <HasResources Value="True"/>
        <ResourceBaseClass Value="Form"/>
        <UnitName Value="uEvsMain"/>
      </Unit1>
      <Unit2>
        <Filename Value="DataModules\udmmain.pas"/>
        <IsPartOfProject Value="True"/>
        <ComponentName Value="dmMain"/>
        <HasResources Value="True"/>
        <ResourceBaseClass Value="DataModule"/>
        <UnitName Value="uDMMain"/>
      </Unit2>
      <Unit3>
        <Filename Value="Controls\uevsnotebook.pas"/>
        <IsPartOfProject Value="True"/>
        <UnitName Value="uEvsNoteBook"/>
      </Unit3>
      <Unit4>
        <Filename Value="utbdbregistry.pas"/>
        <IsPartOfProject Value="True"/>
        <UnitName Value="utbDBRegistry"/>
      </Unit4>
      <Unit5>
        <Filename Value="Frames\ufrdatabaseedit.pas"/>
        <IsPartOfProject Value="True"/>
        <ComponentName Value="DatabaseEditorFrame"/>
        <HasResources Value="True"/>
        <ResourceBaseClass Value="Frame"/>
        <UnitName Value="ufrDatabaseEdit"/>
      </Unit5>
      <Unit6>
        <Filename Value="Frames\ufrfonteditor.pas"/>
        <IsPartOfProject Value="True"/>
        <ComponentName Value="EvsFontEditFrame"/>
        <HasResources Value="True"/>
        <ResourceBaseClass Value="Frame"/>
        <UnitName Value="ufrFontEditor"/>
      </Unit6>
      <Unit7>
        <Filename Value="Forms\udbdetails.pas"/>
        <IsPartOfProject Value="True"/>
        <ComponentName Value="DBDetailsForm"/>
        <HasResources Value="True"/>
        <ResourceBaseClass Value="Form"/>
        <UnitName Value="uDBDetails"/>
      </Unit7>
      <Unit8>
        <Filename Value="utbdialogs.pas"/>
        <IsPartOfProject Value="True"/>
        <UnitName Value="uTbDialogs"/>
      </Unit8>
      <Unit9>
        <Filename Value="utbtoarray.pas"/>
        <IsPartOfProject Value="True"/>
        <UnitName Value="uTbToArray"/>
      </Unit9>
      <Unit10>
        <Filename Value="uevsdbschema.pas"/>
        <IsPartOfProject Value="True"/>
        <UnitName Value="uEvsDBSchema"/>
      </Unit10>
      <Unit11>
        <Filename Value="uevsgenintf.pas"/>
        <IsPartOfProject Value="True"/>
        <UnitName Value="uEvsGenIntf"/>
      </Unit11>
      <Unit12>
        <Filename Value="uevsintfobjects.pas"/>
        <IsPartOfProject Value="True"/>
        <UnitName Value="uEvsIntfObjects"/>
      </Unit12>
      <Unit13>
        <Filename Value="Forms\uloginform.pas"/>
        <IsPartOfProject Value="True"/>
        <ComponentName Value="LoginForm"/>
        <HasResources Value="True"/>
        <ResourceBaseClass Value="Form"/>
        <UnitName Value="uLoginForm"/>
      </Unit13>
      <Unit14>
        <Filename Value="uevswidestring.pas"/>
        <IsPartOfProject Value="True"/>
        <UnitName Value="uEvsWideString"/>
      </Unit14>
      <Unit15>
        <Filename Value="Frames\uevssqleditor.pas"/>
        <IsPartOfProject Value="True"/>
        <ComponentName Value="SqlEditorFrame"/>
        <HasResources Value="True"/>
        <ResourceBaseClass Value="Frame"/>
        <UnitName Value="uEvsSqlEditor"/>
      </Unit15>
      <Unit16>
        <Filename Value="Controls\uevstabnotebook.pas"/>
        <IsPartOfProject Value="True"/>
        <UnitName Value="uEvsTabNotebook"/>
      </Unit16>
      <Unit17>
        <Filename Value="Frames\ugridresultframe.pas"/>
        <IsPartOfProject Value="True"/>
        <ComponentName Value="GridResultFrame"/>
        <HasResources Value="True"/>
        <ResourceBaseClass Value="Frame"/>
        <UnitName Value="uGridResultFrame"/>
      </Unit17>
      <Unit18>
        <Filename Value="Frames\uuserloginframe.pas"/>
        <IsPartOfProject Value="True"/>
        <ComponentName Value="UserLoginFrame"/>
        <HasResources Value="True"/>
        <ResourceBaseClass Value="Frame"/>
        <UnitName Value="uUserLoginFrame"/>
      </Unit18>
      <Unit19>
        <Filename Value="Frames\ugeneratorsframe.pas"/>
        <IsPartOfProject Value="True"/>
        <ComponentName Value="SequenceFrame"/>
        <HasResources Value="True"/>
        <ResourceBaseClass Value="Frame"/>
        <UnitName Value="uGeneratorsFrame"/>
      </Unit19>
      <Unit20>
        <Filename Value="Frames\ubaseframe.pas"/>
        <IsPartOfProject Value="True"/>
        <ComponentName Value="frBase"/>
        <HasResources Value="True"/>
        <ResourceBaseClass Value="Frame"/>
        <UnitName Value="uBaseFrame"/>
      </Unit20>
      <Unit21>
        <Filename Value="Forms\uevsbackuprestore.pas"/>
        <IsPartOfProject Value="True"/>
        <ComponentName Value="BackupRestoreForm"/>
        <HasResources Value="True"/>
        <ResourceBaseClass Value="Form"/>
        <UnitName Value="uEvsBackupRestore"/>
      </Unit21>
      <Unit22>
        <Filename Value="Frames\utabledetailsframe.pas"/>
        <IsPartOfProject Value="True"/>
        <ComponentName Value="TableDetailsFrame"/>
        <HasResources Value="True"/>
        <ResourceBaseClass Value="Frame"/>
        <UnitName Value="uTableDetailsFrame"/>
      </Unit22>
      <Unit23>
        <Filename Value="Frames\utablefieldsframe.pas"/>
        <IsPartOfProject Value="True"/>
        <ComponentName Value="TableFieldsFrame"/>
        <HasResources Value="True"/>
        <ResourceBaseClass Value="Frame"/>
        <UnitName Value="uTableFieldsFrame"/>
      </Unit23>
      <Unit24>
        <Filename Value="uevsguicommon.pas"/>
        <IsPartOfProject Value="True"/>
        <UnitName Value="uEvsGUICommon"/>
      </Unit24>
      <Unit25>
        <Filename Value="Frames\utableindicesframe.pas"/>
        <IsPartOfProject Value="True"/>
        <ComponentName Value="Frame1"/>
        <HasResources Value="True"/>
        <ResourceBaseClass Value="Frame"/>
        <UnitName Value="uTableIndicesFrame"/>
      </Unit25>
      <Unit26>
        <Filename Value="Forms\uevsframedialog.pas"/>
        <IsPartOfProject Value="True"/>
        <ComponentName Value="EvsFrameDialog"/>
        <ResourceBaseClass Value="Form"/>
        <UnitName Value="uEvsFrameDialog"/>
      </Unit26>
      <Unit27>
        <Filename Value="utbactions.pas"/>
        <IsPartOfProject Value="True"/>
        <UnitName Value="uTBActions"/>
      </Unit27>
    </Units>
  </ProjectOptions>
  <CompilerOptions>
    <Version Value="11"/>
    <PathDelim Value="\"/>
    <Target>
      <Filename Value="TurboBird_New"/>
    </Target>
    <SearchPaths>
      <IncludeFiles Value="$(ProjOutDir)"/>
      <OtherUnitFiles Value="Forms;DataModules;Controls;Frames"/>
      <UnitOutputDirectory Value="lib\$(TargetCPU)-$(TargetOS)"/>
    </SearchPaths>
    <Linking>
      <Options>
        <Win32>
          <GraphicApplication Value="True"/>
        </Win32>
      </Options>
    </Linking>
  </CompilerOptions>
  <Debugging>
    <Exceptions Count="4">
      <Item1>
        <Name Value="EAbort"/>
      </Item1>
      <Item2>
        <Name Value="ECodetoolError"/>
      </Item2>
      <Item3>
        <Name Value="EFOpenError"/>
      </Item3>
      <Item4>
        <Name Value="EMDOFirebirdError"/>
      </Item4>
    </Exceptions>
  </Debugging>
</CONFIG>
